
Microsoft Visual Studio Solution File, Format Version 12.00
# Visual Studio Version 16
VisualStudioVersion = 16.0.31129.286
MinimumVisualStudioVersion = 10.0.40219.1
Project("{9A19103F-16F7-4668-BE54-9A1E7A4F7556}") = "BlazorBattles.Server", "BlazorBattles\Server\BlazorBattles.Server.csproj", "{20E0D3D4-3784-443F-8603-9C64504DFECC}"
EndProject
Project("{9A19103F-16F7-4668-BE54-9A1E7A4F7556}") = "BlazorBattles.Client", "BlazorBattles\Client\BlazorBattles.Client.csproj", "{039952EC-7945-408D-AE47-9D72CEE470E9}"
EndProject
Project("{9A19103F-16F7-4668-BE54-9A1E7A4F7556}") = "BlazorBattles.Shared", "BlazorBattles\Shared\BlazorBattles.Shared.csproj", "{37C00A92-9760-4C0F-8C56-0A33A1321EA2}"
EndProject
Project("{2150E333-8FDC-42A3-9474-1A3956D46DE8}") = "Solution Items", "Solution Items", "{5E62168A-9DFC-4FCA-AAD3-D95225F5F324}"
	ProjectSection(SolutionItems) = preProject
		README.md = README.md
	EndProjectSection
EndProject
Global
	GlobalSection(SolutionConfigurationPlatforms) = preSolution
		Debug|Any CPU = Debug|Any CPU
		Release|Any CPU = Release|Any CPU
	EndGlobalSection
	GlobalSection(ProjectConfigurationPlatforms) = postSolution
		{20E0D3D4-3784-443F-8603-9C64504DFECC}.Debug|Any CPU.ActiveCfg = Debug|Any CPU
		{20E0D3D4-3784-443F-8603-9C64504DFECC}.Debug|Any CPU.Build.0 = Debug|Any CPU
		{20E0D3D4-3784-443F-8603-9C64504DFECC}.Release|Any CPU.ActiveCfg = Release|Any CPU
		{20E0D3D4-3784-443F-8603-9C64504DFECC}.Release|Any CPU.Build.0 = Release|Any CPU
		{039952EC-7945-408D-AE47-9D72CEE470E9}.Debug|Any CPU.ActiveCfg = Debug|Any CPU
		{039952EC-7945-408D-AE47-9D72CEE470E9}.Debug|Any CPU.Build.0 = Debug|Any CPU
		{039952EC-7945-408D-AE47-9D72CEE470E9}.Release|Any CPU.ActiveCfg = Release|Any CPU
		{039952EC-7945-408D-AE47-9D72CEE470E9}.Release|Any CPU.Build.0 = Release|Any CPU
		{37C00A92-9760-4C0F-8C56-0A33A1321EA2}.Debug|Any CPU.ActiveCfg = Debug|Any CPU
		{37C00A92-9760-4C0F-8C56-0A33A1321EA2}.Debug|Any CPU.Build.0 = Debug|Any CPU
		{37C00A92-9760-4C0F-8C56-0A33A1321EA2}.Release|Any CPU.ActiveCfg = Release|Any CPU
		{37C00A92-9760-4C0F-8C56-0A33A1321EA2}.Release|Any CPU.Build.0 = Release|Any CPU
	EndGlobalSection
	GlobalSection(SolutionProperties) = preSolution
		HideSolutionNode = FALSE
	EndGlobalSection
	GlobalSection(ExtensibilityGlobals) = postSolution
		SolutionGuid = {0D1A12AD-81EF-462B-A59F-88C2E751D180}
	EndGlobalSection
EndGlobal
